
Microsoft Visual Studio Solution File, Format Version 12.00
# Visual Studio Version 16
VisualStudioVersion = 16.0.30413.136
MinimumVisualStudioVersion = 10.0.40219.1
Project("{9A19103F-16F7-4668-BE54-9A1E7A4F7556}") = "CSharp", "CSharp.csproj", "{133A1B4B-2712-496B-B272-9014FC68D5BB}"
EndProject
Project("{2150E333-8FDC-42A3-9474-1A3956D46DE8}") = "1. Clients", "1. Clients", "{7FF254FC-80D9-4AF2-A9B9-A5E01D75DD0E}"
EndProject
Project("{2150E333-8FDC-42A3-9474-1A3956D46DE8}") = "2. Managers", "2. Managers", "{CED690A1-875C-49C2-B684-D702E54D8EB3}"
EndProject
Project("{2150E333-8FDC-42A3-9474-1A3956D46DE8}") = "3. Engines", "3. Engines", "{D7CCCE62-F661-470A-91AA-7D4DC325B013}"
EndProject
Project("{2150E333-8FDC-42A3-9474-1A3956D46DE8}") = "4. Accessors", "4. Accessors", "{2B8A3CBA-8306-4922-89F6-DB8824EB470F}"
EndProject
Project("{9A19103F-16F7-4668-BE54-9A1E7A4F7556}") = "InventoryManagers", "..\InventoryManager\InventoryManagers.csproj", "{0578D20A-5C2C-4FB3-8CAA-2760258373B5}"
EndProject
Project("{9A19103F-16F7-4668-BE54-9A1E7A4F7556}") = "InventoryAccessors", "..\InventoryAccessor\InventoryAccessors.csproj", "{49F68E3C-260A-4DDC-9607-8C4927979964}"
EndProject
Project("{2150E333-8FDC-42A3-9474-1A3956D46DE8}") = "5. Tests", "5. Tests", "{19837CF9-CF8B-4BD7-8E4E-6307228199FB}"
EndProject
Project("{9A19103F-16F7-4668-BE54-9A1E7A4F7556}") = "ControllerTests", "..\ControllerTests\ControllerTests.csproj", "{D1A8B8FC-14EC-4B99-B0B2-390AD8168C75}"
EndProject
Project("{9A19103F-16F7-4668-BE54-9A1E7A4F7556}") = "ManagersTests", "..\ManagersTests\ManagersTests.csproj", "{94838A53-49FE-4872-BB0E-4704226AC30C}"
EndProject
Project("{9A19103F-16F7-4668-BE54-9A1E7A4F7556}") = "AccessorsTests", "..\AccessorsTests\AccessorsTests.csproj", "{DF9B23FE-0F2B-48B0-90E9-8C03D09E0C20}"
EndProject
Global
	GlobalSection(SolutionConfigurationPlatforms) = preSolution
		Debug|Any CPU = Debug|Any CPU
		Release|Any CPU = Release|Any CPU
	EndGlobalSection
	GlobalSection(ProjectConfigurationPlatforms) = postSolution
		{133A1B4B-2712-496B-B272-9014FC68D5BB}.Debug|Any CPU.ActiveCfg = Debug|Any CPU
		{133A1B4B-2712-496B-B272-9014FC68D5BB}.Debug|Any CPU.Build.0 = Debug|Any CPU
		{133A1B4B-2712-496B-B272-9014FC68D5BB}.Release|Any CPU.ActiveCfg = Release|Any CPU
		{133A1B4B-2712-496B-B272-9014FC68D5BB}.Release|Any CPU.Build.0 = Release|Any CPU
		{0578D20A-5C2C-4FB3-8CAA-2760258373B5}.Debug|Any CPU.ActiveCfg = Debug|Any CPU
		{0578D20A-5C2C-4FB3-8CAA-2760258373B5}.Debug|Any CPU.Build.0 = Debug|Any CPU
		{0578D20A-5C2C-4FB3-8CAA-2760258373B5}.Release|Any CPU.ActiveCfg = Release|Any CPU
		{0578D20A-5C2C-4FB3-8CAA-2760258373B5}.Release|Any CPU.Build.0 = Release|Any CPU
		{49F68E3C-260A-4DDC-9607-8C4927979964}.Debug|Any CPU.ActiveCfg = Debug|Any CPU
		{49F68E3C-260A-4DDC-9607-8C4927979964}.Debug|Any CPU.Build.0 = Debug|Any CPU
		{49F68E3C-260A-4DDC-9607-8C4927979964}.Release|Any CPU.ActiveCfg = Release|Any CPU
		{49F68E3C-260A-4DDC-9607-8C4927979964}.Release|Any CPU.Build.0 = Release|Any CPU
		{D1A8B8FC-14EC-4B99-B0B2-390AD8168C75}.Debug|Any CPU.ActiveCfg = Debug|Any CPU
		{D1A8B8FC-14EC-4B99-B0B2-390AD8168C75}.Debug|Any CPU.Build.0 = Debug|Any CPU
		{D1A8B8FC-14EC-4B99-B0B2-390AD8168C75}.Release|Any CPU.ActiveCfg = Release|Any CPU
		{D1A8B8FC-14EC-4B99-B0B2-390AD8168C75}.Release|Any CPU.Build.0 = Release|Any CPU
		{94838A53-49FE-4872-BB0E-4704226AC30C}.Debug|Any CPU.ActiveCfg = Debug|Any CPU
		{94838A53-49FE-4872-BB0E-4704226AC30C}.Debug|Any CPU.Build.0 = Debug|Any CPU
		{94838A53-49FE-4872-BB0E-4704226AC30C}.Release|Any CPU.ActiveCfg = Release|Any CPU
		{94838A53-49FE-4872-BB0E-4704226AC30C}.Release|Any CPU.Build.0 = Release|Any CPU
		{DF9B23FE-0F2B-48B0-90E9-8C03D09E0C20}.Debug|Any CPU.ActiveCfg = Debug|Any CPU
		{DF9B23FE-0F2B-48B0-90E9-8C03D09E0C20}.Debug|Any CPU.Build.0 = Debug|Any CPU
		{DF9B23FE-0F2B-48B0-90E9-8C03D09E0C20}.Release|Any CPU.ActiveCfg = Release|Any CPU
		{DF9B23FE-0F2B-48B0-90E9-8C03D09E0C20}.Release|Any CPU.Build.0 = Release|Any CPU
	EndGlobalSection
	GlobalSection(SolutionProperties) = preSolution
		HideSolutionNode = FALSE
	EndGlobalSection
	GlobalSection(NestedProjects) = preSolution
		{133A1B4B-2712-496B-B272-9014FC68D5BB} = {7FF254FC-80D9-4AF2-A9B9-A5E01D75DD0E}
		{0578D20A-5C2C-4FB3-8CAA-2760258373B5} = {CED690A1-875C-49C2-B684-D702E54D8EB3}
		{49F68E3C-260A-4DDC-9607-8C4927979964} = {2B8A3CBA-8306-4922-89F6-DB8824EB470F}
		{D1A8B8FC-14EC-4B99-B0B2-390AD8168C75} = {19837CF9-CF8B-4BD7-8E4E-6307228199FB}
		{94838A53-49FE-4872-BB0E-4704226AC30C} = {19837CF9-CF8B-4BD7-8E4E-6307228199FB}
		{DF9B23FE-0F2B-48B0-90E9-8C03D09E0C20} = {19837CF9-CF8B-4BD7-8E4E-6307228199FB}
	EndGlobalSection
	GlobalSection(ExtensibilityGlobals) = postSolution
		SolutionGuid = {43A1D056-FE2E-4552-B18C-94241C34103E}
	EndGlobalSection
EndGlobal
